
Microsoft Visual Studio Solution File, Format Version 12.00
# Visual Studio 2012
Project("{f2a71f9b-5d33-465a-a702-920d77279786}") = "StellariumConnectionTest", "StellariumConnectionTest\StellariumConnectionTEst.fsproj", "{E9D75EFE-BF62-442E-BBE9-A888051E42DE}"
EndProject
Global
	GlobalSection(SolutionConfigurationPlatforms) = preSolution
		Debug|x86 = Debug|x86
		Release|x86 = Release|x86
	EndGlobalSection
	GlobalSection(ProjectConfigurationPlatforms) = postSolution
		{E9D75EFE-BF62-442E-BBE9-A888051E42DE}.Debug|x86.ActiveCfg = Debug|x86
		{E9D75EFE-BF62-442E-BBE9-A888051E42DE}.Debug|x86.Build.0 = Debug|x86
		{E9D75EFE-BF62-442E-BBE9-A888051E42DE}.Release|x86.ActiveCfg = Release|x86
		{E9D75EFE-BF62-442E-BBE9-A888051E42DE}.Release|x86.Build.0 = Release|x86
	EndGlobalSection
EndGlobal
